{
  "requires": true,
  "lockfileVersion": 1,
  "dependencies": {
    "ma-palindrome": {
      "version": "0.1.1",
      "resolved": "https://registry.npmjs.org/ma-palindrome/-/ma-palindrome-0.1.1.tgz",
      "integrity": "sha512-h/ncW20OrO37fVxLmISHNCQdbmP44ZynEo8RMXkere9O6BSANHm2TJZt/+ua0B1VBVpmXZPurvKn1oSJc4A48w=="
    }
  }
}
