{
  "requires": true,
  "lockfileVersion": 1,
  "dependencies": {
    "ma-palindrome": {
      "version": "0.1.0",
      "resolved": "https://registry.npmjs.org/ma-palindrome/-/ma-palindrome-0.1.0.tgz",
      "integrity": "sha512-HeV9A2Y4bta/cr+1/0BalKsjvsEdhGuDWKLTxsCF7rOg5I5v/ZzzYEF0/QTVXoV079PwvpvygQ1akiS7q2cNIw=="
    }
  }
}
